
Microsoft Visual Studio Solution File, Format Version 12.00
# Visual Studio Version 16
VisualStudioVersion = 16.0.30517.126
MinimumVisualStudioVersion = 10.0.40219.1
Project("{FAE04EC0-301F-11D3-BF4B-00C04F79EFBC}") = "ComponenteCalcu", "ComponenteCalcu.csproj", "{E847CFE5-B1FF-414C-8D78-3EE387BD5AC0}"
EndProject
Project("{FAE04EC0-301F-11D3-BF4B-00C04F79EFBC}") = "PruebaComponente", "..\PruebaComponente\PruebaComponente.csproj", "{0F2B115D-86A3-441A-8FB0-EEF2594DB870}"
EndProject
Global
	GlobalSection(SolutionConfigurationPlatforms) = preSolution
		Debug|Any CPU = Debug|Any CPU
		Release|Any CPU = Release|Any CPU
	EndGlobalSection
	GlobalSection(ProjectConfigurationPlatforms) = postSolution
		{E847CFE5-B1FF-414C-8D78-3EE387BD5AC0}.Debug|Any CPU.ActiveCfg = Debug|Any CPU
		{E847CFE5-B1FF-414C-8D78-3EE387BD5AC0}.Debug|Any CPU.Build.0 = Debug|Any CPU
		{E847CFE5-B1FF-414C-8D78-3EE387BD5AC0}.Release|Any CPU.ActiveCfg = Release|Any CPU
		{E847CFE5-B1FF-414C-8D78-3EE387BD5AC0}.Release|Any CPU.Build.0 = Release|Any CPU
		{0F2B115D-86A3-441A-8FB0-EEF2594DB870}.Debug|Any CPU.ActiveCfg = Debug|Any CPU
		{0F2B115D-86A3-441A-8FB0-EEF2594DB870}.Debug|Any CPU.Build.0 = Debug|Any CPU
		{0F2B115D-86A3-441A-8FB0-EEF2594DB870}.Release|Any CPU.ActiveCfg = Release|Any CPU
		{0F2B115D-86A3-441A-8FB0-EEF2594DB870}.Release|Any CPU.Build.0 = Release|Any CPU
	EndGlobalSection
	GlobalSection(SolutionProperties) = preSolution
		HideSolutionNode = FALSE
	EndGlobalSection
	GlobalSection(ExtensibilityGlobals) = postSolution
		SolutionGuid = {AF74A44F-E14B-4D36-9F4A-F1694A980691}
	EndGlobalSection
EndGlobal
